
Microsoft Visual Studio Solution File, Format Version 12.00
# Visual Studio 15
VisualStudioVersion = 15.0.27428.2005
MinimumVisualStudioVersion = 10.0.40219.1
Project("{FAE04EC0-301F-11D3-BF4B-00C04F79EFBC}") = "Routing", "Routing\Routing.csproj", "{8B77EA5B-FCD0-43E7-91BB-BCB7DB18D5EB}"
EndProject
Global
	GlobalSection(SolutionConfigurationPlatforms) = preSolution
		Debug|Any CPU = Debug|Any CPU
		Release|Any CPU = Release|Any CPU
	EndGlobalSection
	GlobalSection(ProjectConfigurationPlatforms) = postSolution
		{8B77EA5B-FCD0-43E7-91BB-BCB7DB18D5EB}.Debug|Any CPU.ActiveCfg = Debug|Any CPU
		{8B77EA5B-FCD0-43E7-91BB-BCB7DB18D5EB}.Debug|Any CPU.Build.0 = Debug|Any CPU
		{8B77EA5B-FCD0-43E7-91BB-BCB7DB18D5EB}.Release|Any CPU.ActiveCfg = Release|Any CPU
		{8B77EA5B-FCD0-43E7-91BB-BCB7DB18D5EB}.Release|Any CPU.Build.0 = Release|Any CPU
	EndGlobalSection
	GlobalSection(SolutionProperties) = preSolution
		HideSolutionNode = FALSE
	EndGlobalSection
	GlobalSection(ExtensibilityGlobals) = postSolution
		SolutionGuid = {ED08CD0C-52CF-45BD-B07A-FB74D9737C94}
	EndGlobalSection
EndGlobal
